
Microsoft Visual Studio Solution File, Format Version 12.00
Project("{FAE04EC0-301F-11D3-BF4B-00C04F79EFBC}") = "WinFormsApp", "WinFormsApp\WinFormsApp.csproj", "{6B35ED70-EEC3-4A3F-AF7F-3DD5990FB4CC}"
EndProject
Global
	GlobalSection(SolutionConfigurationPlatforms) = preSolution
		Debug|Any CPU = Debug|Any CPU
		Release|Any CPU = Release|Any CPU
	EndGlobalSection
	GlobalSection(ProjectConfigurationPlatforms) = postSolution
		{6B35ED70-EEC3-4A3F-AF7F-3DD5990FB4CC}.Debug|Any CPU.ActiveCfg = Debug|Any CPU
		{6B35ED70-EEC3-4A3F-AF7F-3DD5990FB4CC}.Debug|Any CPU.Build.0 = Debug|Any CPU
		{6B35ED70-EEC3-4A3F-AF7F-3DD5990FB4CC}.Release|Any CPU.ActiveCfg = Release|Any CPU
		{6B35ED70-EEC3-4A3F-AF7F-3DD5990FB4CC}.Release|Any CPU.Build.0 = Release|Any CPU
	EndGlobalSection
EndGlobal
